// !$*UTF8*$!
{
	archiveVersion = 1;
	classes = {
	};
	objectVersion = 46;
	objects = {

/* Begin PBXBuildFile section */
		07176E761BE074CD00A58B81 /* AppDelegate.swift in Sources */ = {isa = PBXBuildFile; fileRef = 07176E751BE074CD00A58B81 /* AppDelegate.swift */; };
		07176E781BE074CD00A58B81 /* ViewController.swift in Sources */ = {isa = PBXBuildFile; fileRef = 07176E771BE074CD00A58B81 /* ViewController.swift */; };
		07176E7B1BE074CD00A58B81 /* Main.storyboard in Resources */ = {isa = PBXBuildFile; fileRef = 07176E791BE074CD00A58B81 /* Main.storyboard */; };
		07176E7D1BE074CD00A58B81 /* Assets.xcassets in Resources */ = {isa = PBXBuildFile; fileRef = 07176E7C1BE074CD00A58B81 /* Assets.xcassets */; };
		07176E801BE074CD00A58B81 /* LaunchScreen.storyboard in Resources */ = {isa = PBXBuildFile; fileRef = 07176E7E1BE074CD00A58B81 /* LaunchScreen.storyboard */; };
		07176E8B1BE074CD00A58B81 /* StreetViewGyroScopeTests.swift in Sources */ = {isa = PBXBuildFile; fileRef = 07176E8A1BE074CD00A58B81 /* StreetViewGyroScopeTests.swift */; };
		07176E961BE074CD00A58B81 /* StreetViewGyroScopeUITests.swift in Sources */ = {isa = PBXBuildFile; fileRef = 07176E951BE074CD00A58B81 /* StreetViewGyroScopeUITests.swift */; };
		8BB2B9B6F786383E21C3D453 /* libPods-StreetViewGyroScope.a in Frameworks */ = {isa = PBXBuildFile; fileRef = A4F03770DCD52068DD938D6C /* libPods-StreetViewGyroScope.a */; };
/* End PBXBuildFile section */

/* Begin PBXContainerItemProxy section */
		07176E871BE074CD00A58B81 /* PBXContainerItemProxy */ = {
			isa = PBXContainerItemProxy;
			containerPortal = 07176E6A1BE074CD00A58B81 /* Project object */;
			proxyType = 1;
			remoteGlobalIDString = 07176E711BE074CD00A58B81;
			remoteInfo = StreetViewGyroScope;
		};
		07176E921BE074CD00A58B81 /* PBXContainerItemProxy */ = {
			isa = PBXContainerItemProxy;
			containerPortal = 07176E6A1BE074CD00A58B81 /* Project object */;
			proxyType = 1;
			remoteGlobalIDString = 07176E711BE074CD00A58B81;
			remoteInfo = StreetViewGyroScope;
		};
/* End PBXContainerItemProxy section */

/* Begin PBXFileReference section */
		07176E721BE074CD00A58B81 /* StreetViewGyroScope.app */ = {isa = PBXFileReference; explicitFileType = wrapper.application; includeInIndex = 0; path = StreetViewGyroScope.app; sourceTree = BUILT_PRODUCTS_DIR; };
		07176E751BE074CD00A58B81 /* AppDelegate.swift */ = {isa = PBXFileReference; lastKnownFileType = sourcecode.swift; path = AppDelegate.swift; sourceTree = "<group>"; };
		07176E771BE074CD00A58B81 /* ViewController.swift */ = {isa = PBXFileReference; lastKnownFileType = sourcecode.swift; path = ViewController.swift; sourceTree = "<group>"; };
		07176E7A1BE074CD00A58B81 /* Base */ = {isa = PBXFileReference; lastKnownFileType = file.storyboard; name = Base; path = Base.lproj/Main.storyboard; sourceTree = "<group>"; };
		07176E7C1BE074CD00A58B81 /* Assets.xcassets */ = {isa = PBXFileReference; lastKnownFileType = folder.assetcatalog; path = Assets.xcassets; sourceTree = "<group>"; };
		07176E7F1BE074CD00A58B81 /* Base */ = {isa = PBXFileReference; lastKnownFileType = file.storyboard; name = Base; path = Base.lproj/LaunchScreen.storyboard; sourceTree = "<group>"; };
		07176E811BE074CD00A58B81 /* Info.plist */ = {isa = PBXFileReference; lastKnownFileType = text.plist.xml; path = Info.plist; sourceTree = "<group>"; };
		07176E861BE074CD00A58B81 /* StreetViewGyroScopeTests.xctest */ = {isa = PBXFileReference; explicitFileType = wrapper.cfbundle; includeInIndex = 0; path = StreetViewGyroScopeTests.xctest; sourceTree = BUILT_PRODUCTS_DIR; };
		07176E8A1BE074CD00A58B81 /* StreetViewGyroScopeTests.swift */ = {isa = PBXFileReference; lastKnownFileType = sourcecode.swift; path = StreetViewGyroScopeTests.swift; sourceTree = "<group>"; };
		07176E8C1BE074CD00A58B81 /* Info.plist */ = {isa = PBXFileReference; lastKnownFileType = text.plist.xml; path = Info.plist; sourceTree = "<group>"; };
		07176E911BE074CD00A58B81 /* StreetViewGyroScopeUITests.xctest */ = {isa = PBXFileReference; explicitFileType = wrapper.cfbundle; includeInIndex = 0; path = StreetViewGyroScopeUITests.xctest; sourceTree = BUILT_PRODUCTS_DIR; };
		07176E951BE074CD00A58B81 /* StreetViewGyroScopeUITests.swift */ = {isa = PBXFileReference; lastKnownFileType = sourcecode.swift; path = StreetViewGyroScopeUITests.swift; sourceTree = "<group>"; };
		07176E971BE074CD00A58B81 /* Info.plist */ = {isa = PBXFileReference; lastKnownFileType = text.plist.xml; path = Info.plist; sourceTree = "<group>"; };
		3943C31BE7A05DAB4B21D10D /* Pods-StreetViewGyroScope.debug.xcconfig */ = {isa = PBXFileReference; includeInIndex = 1; lastKnownFileType = text.xcconfig; name = "Pods-StreetViewGyroScope.debug.xcconfig"; path = "Pods/Target Support Files/Pods-StreetViewGyroScope/Pods-StreetViewGyroScope.debug.xcconfig"; sourceTree = "<group>"; };
		A4F03770DCD52068DD938D6C /* libPods-StreetViewGyroScope.a */ = {isa = PBXFileReference; explicitFileType = archive.ar; includeInIndex = 0; path = "libPods-StreetViewGyroScope.a"; sourceTree = BUILT_PRODUCTS_DIR; };
		C9EDA0621A4C5B1DE893A779 /* Pods-StreetViewGyroScope.release.xcconfig */ = {isa = PBXFileReference; includeInIndex = 1; lastKnownFileType = text.xcconfig; name = "Pods-StreetViewGyroScope.release.xcconfig"; path = "Pods/Target Support Files/Pods-StreetViewGyroScope/Pods-StreetViewGyroScope.release.xcconfig"; sourceTree = "<group>"; };
/* End PBXFileReference section */

/* Begin PBXFrameworksBuildPhase section */
		07176E6F1BE074CD00A58B81 /* Frameworks */ = {
			isa = PBXFrameworksBuildPhase;
			buildActionMask = 2147483647;
			files = (
				8BB2B9B6F786383E21C3D453 /* libPods-StreetViewGyroScope.a in Frameworks */,
			);
			runOnlyForDeploymentPostprocessing = 0;
		};
		07176E831BE074CD00A58B81 /* Frameworks */ = {
			isa = PBXFrameworksBuildPhase;
			buildActionMask = 2147483647;
			files = (
			);
			runOnlyForDeploymentPostprocessing = 0;
		};
		07176E8E1BE074CD00A58B81 /* Frameworks */ = {
			isa = PBXFrameworksBuildPhase;
			buildActionMask = 2147483647;
			files = (
			);
			runOnlyForDeploymentPostprocessing = 0;
		};
/* End PBXFrameworksBuildPhase section */

/* Begin PBXGroup section */
		07176E691BE074CD00A58B81 = {
			isa = PBXGroup;
			children = (
				07176E741BE074CD00A58B81 /* StreetViewGyroScope */,
				07176E891BE074CD00A58B81 /* StreetViewGyroScopeTests */,
				07176E941BE074CD00A58B81 /* StreetViewGyroScopeUITests */,
				07176E731BE074CD00A58B81 /* Products */,
				B2F0D4A94D8CB0732C99F10B /* Pods */,
				AD7920AB899CED34170E1087 /* Frameworks */,
			);
			sourceTree = "<group>";
		};
		07176E731BE074CD00A58B81 /* Products */ = {
			isa = PBXGroup;
			children = (
				07176E721BE074CD00A58B81 /* StreetViewGyroScope.app */,
				07176E861BE074CD00A58B81 /* StreetViewGyroScopeTests.xctest */,
				07176E911BE074CD00A58B81 /* StreetViewGyroScopeUITests.xctest */,
			);
			name = Products;
			sourceTree = "<group>";
		};
		07176E741BE074CD00A58B81 /* StreetViewGyroScope */ = {
			isa = PBXGroup;
			children = (
				07176E751BE074CD00A58B81 /* AppDelegate.swift */,
				07176E771BE074CD00A58B81 /* ViewController.swift */,
				07176E791BE074CD00A58B81 /* Main.storyboard */,
				07176E7C1BE074CD00A58B81 /* Assets.xcassets */,
				07176E7E1BE074CD00A58B81 /* LaunchScreen.storyboard */,
				07176E811BE074CD00A58B81 /* Info.plist */,
			);
			path = StreetViewGyroScope;
			sourceTree = "<group>";
		};
		07176E891BE074CD00A58B81 /* StreetViewGyroScopeTests */ = {
			isa = PBXGroup;
			children = (
				07176E8A1BE074CD00A58B81 /* StreetViewGyroScopeTests.swift */,
				07176E8C1BE074CD00A58B81 /* Info.plist */,
			);
			path = StreetViewGyroScopeTests;
			sourceTree = "<group>";
		};
		07176E941BE074CD00A58B81 /* StreetViewGyroScopeUITests */ = {
			isa = PBXGroup;
			children = (
				07176E951BE074CD00A58B81 /* StreetViewGyroScopeUITests.swift */,
				07176E971BE074CD00A58B81 /* Info.plist */,
			);
			path = StreetViewGyroScopeUITests;
			sourceTree = "<group>";
		};
		AD7920AB899CED34170E1087 /* Frameworks */ = {
			isa = PBXGroup;
			children = (
				A4F03770DCD52068DD938D6C /* libPods-StreetViewGyroScope.a */,
			);
			name = Frameworks;
			sourceTree = "<group>";
		};
		B2F0D4A94D8CB0732C99F10B /* Pods */ = {
			isa = PBXGroup;
			children = (
				3943C31BE7A05DAB4B21D10D /* Pods-StreetViewGyroScope.debug.xcconfig */,
				C9EDA0621A4C5B1DE893A779 /* Pods-StreetViewGyroScope.release.xcconfig */,
			);
			name = Pods;
			sourceTree = "<group>";
		};
/* End PBXGroup section */

/* Begin PBXNativeTarget section */
		07176E711BE074CD00A58B81 /* StreetViewGyroScope */ = {
			isa = PBXNativeTarget;
			buildConfigurationList = 07176E9A1BE074CD00A58B81 /* Build configuration list for PBXNativeTarget "StreetViewGyroScope" */;
			buildPhases = (
				302B0589248A0BE8CE206DC5 /* Check Pods Manifest.lock */,
				07176E6E1BE074CD00A58B81 /* Sources */,
				07176E6F1BE074CD00A58B81 /* Frameworks */,
				07176E701BE074CD00A58B81 /* Resources */,
				2434C5C2CC484D4053FED98B /* Copy Pods Resources */,
			);
			buildRules = (
			);
			dependencies = (
			);
			name = StreetViewGyroScope;
			productName = StreetViewGyroScope;
			productReference = 07176E721BE074CD00A58B81 /* StreetViewGyroScope.app */;
			productType = "com.apple.product-type.application";
		};
		07176E851BE074CD00A58B81 /* StreetViewGyroScopeTests */ = {
			isa = PBXNativeTarget;
			buildConfigurationList = 07176E9D1BE074CD00A58B81 /* Build configuration list for PBXNativeTarget "StreetViewGyroScopeTests" */;
			buildPhases = (
				07176E821BE074CD00A58B81 /* Sources */,
				07176E831BE074CD00A58B81 /* Frameworks */,
				07176E841BE074CD00A58B81 /* Resources */,
			);
			buildRules = (
			);
			dependencies = (
				07176E881BE074CD00A58B81 /* PBXTargetDependency */,
			);
			name = StreetViewGyroScopeTests;
			productName = StreetViewGyroScopeTests;
			productReference = 07176E861BE074CD00A58B81 /* StreetViewGyroScopeTests.xctest */;
			productType = "com.apple.product-type.bundle.unit-test";
		};
		07176E901BE074CD00A58B81 /* StreetViewGyroScopeUITests */ = {
			isa = PBXNativeTarget;
			buildConfigurationList = 07176EA01BE074CD00A58B81 /* Build configuration list for PBXNativeTarget "StreetViewGyroScopeUITests" */;
			buildPhases = (
				07176E8D1BE074CD00A58B81 /* Sources */,
				07176E8E1BE074CD00A58B81 /* Frameworks */,
				07176E8F1BE074CD00A58B81 /* Resources */,
			);
			buildRules = (
			);
			dependencies = (
				07176E931BE074CD00A58B81 /* PBXTargetDependency */,
			);
			name = StreetViewGyroScopeUITests;
			productName = StreetViewGyroScopeUITests;
			productReference = 07176E911BE074CD00A58B81 /* StreetViewGyroScopeUITests.xctest */;
			productType = "com.apple.product-type.bundle.ui-testing";
		};
/* End PBXNativeTarget section */

/* Begin PBXProject section */
		07176E6A1BE074CD00A58B81 /* Project object */ = {
			isa = PBXProject;
			attributes = {
				LastUpgradeCheck = 0700;
				ORGANIZATIONNAME = "Eric Smith";
				TargetAttributes = {
					07176E711BE074CD00A58B81 = {
						CreatedOnToolsVersion = 7.0;
						DevelopmentTeam = 943498UXPL;
					};
					07176E851BE074CD00A58B81 = {
						CreatedOnToolsVersion = 7.0;
						DevelopmentTeam = 943498UXPL;
						TestTargetID = 07176E711BE074CD00A58B81;
					};
					07176E901BE074CD00A58B81 = {
						CreatedOnToolsVersion = 7.0;
						DevelopmentTeam = 943498UXPL;
						TestTargetID = 07176E711BE074CD00A58B81;
					};
				};
			};
			buildConfigurationList = 07176E6D1BE074CD00A58B81 /* Build configuration list for PBXProject "StreetViewGyroScope" */;
			compatibilityVersion = "Xcode 3.2";
			developmentRegion = English;
			hasScannedForEncodings = 0;
			knownRegions = (
				en,
				Base,
			);
			mainGroup = 07176E691BE074CD00A58B81;
			productRefGroup = 07176E731BE074CD00A58B81 /* Products */;
			projectDirPath = "";
			projectRoot = "";
			targets = (
				07176E711BE074CD00A58B81 /* StreetViewGyroScope */,
				07176E851BE074CD00A58B81 /* StreetViewGyroScopeTests */,
				07176E901BE074CD00A58B81 /* StreetViewGyroScopeUITests */,
			);
		};
/* End PBXProject section */

/* Begin PBXResourcesBuildPhase section */
		07176E701BE074CD00A58B81 /* Resources */ = {
			isa = PBXResourcesBuildPhase;
			buildActionMask = 2147483647;
			files = (
				07176E801BE074CD00A58B81 /* LaunchScreen.storyboard in Resources */,
				07176E7D1BE074CD00A58B81 /* Assets.xcassets in Resources */,
				07176E7B1BE074CD00A58B81 /* Main.storyboard in Resources */,
			);
			runOnlyForDeploymentPostprocessing = 0;
		};
		07176E841BE074CD00A58B81 /* Resources */ = {
			isa = PBXResourcesBuildPhase;
			buildActionMask = 2147483647;
			files = (
			);
			runOnlyForDeploymentPostprocessing = 0;
		};
		07176E8F1BE074CD00A58B81 /* Resources */ = {
			isa = PBXResourcesBuildPhase;
			buildActionMask = 2147483647;
			files = (
			);
			runOnlyForDeploymentPostprocessing = 0;
		};
/* End PBXResourcesBuildPhase section */

/* Begin PBXShellScriptBuildPhase section */
		2434C5C2CC484D4053FED98B /* Copy Pods Resources */ = {
			isa = PBXShellScriptBuildPhase;
			buildActionMask = 2147483647;
			files = (
			);
			inputPaths = (
			);
			name = "Copy Pods Resources";
			outputPaths = (
			);
			runOnlyForDeploymentPostprocessing = 0;
			shellPath = /bin/sh;
			shellScript = "\"${SRCROOT}/Pods/Target Support Files/Pods-StreetViewGyroScope/Pods-StreetViewGyroScope-resources.sh\"\n";
			showEnvVarsInLog = 0;
		};
		302B0589248A0BE8CE206DC5 /* Check Pods Manifest.lock */ = {
			isa = PBXShellScriptBuildPhase;
			buildActionMask = 2147483647;
			files = (
			);
			inputPaths = (
			);
			name = "Check Pods Manifest.lock";
			outputPaths = (
			);
			runOnlyForDeploymentPostprocessing = 0;
			shellPath = /bin/sh;
			shellScript = "diff \"${PODS_ROOT}/../Podfile.lock\" \"${PODS_ROOT}/Manifest.lock\" > /dev/null\nif [[ $? != 0 ]] ; then\n    cat << EOM\nerror: The sandbox is not in sync with the Podfile.lock. Run 'pod install' or update your CocoaPods installation.\nEOM\n    exit 1\nfi\n";
			showEnvVarsInLog = 0;
		};
/* End PBXShellScriptBuildPhase section */

/* Begin PBXSourcesBuildPhase section */
		07176E6E1BE074CD00A58B81 /* Sources */ = {
			isa = PBXSourcesBuildPhase;
			buildActionMask = 2147483647;
			files = (
				07176E781BE074CD00A58B81 /* ViewController.swift in Sources */,
				07176E761BE074CD00A58B81 /* AppDelegate.swift in Sources */,
			);
			runOnlyForDeploymentPostprocessing = 0;
		};
		07176E821BE074CD00A58B81 /* Sources */ = {
			isa = PBXSourcesBuildPhase;
			buildActionMask = 2147483647;
			files = (
				07176E8B1BE074CD00A58B81 /* StreetViewGyroScopeTests.swift in Sources */,
			);
			runOnlyForDeploymentPostprocessing = 0;
		};
		07176E8D1BE074CD00A58B81 /* Sources */ = {
			isa = PBXSourcesBuildPhase;
			buildActionMask = 2147483647;
			files = (
				07176E961BE074CD00A58B81 /* StreetViewGyroScopeUITests.swift in Sources */,
			);
			runOnlyForDeploymentPostprocessing = 0;
		};
/* End PBXSourcesBuildPhase section */

/* Begin PBXTargetDependency section */
		07176E881BE074CD00A58B81 /* PBXTargetDependency */ = {
			isa = PBXTargetDependency;
			target = 07176E711BE074CD00A58B81 /* StreetViewGyroScope */;
			targetProxy = 07176E871BE074CD00A58B81 /* PBXContainerItemProxy */;
		};
		07176E931BE074CD00A58B81 /* PBXTargetDependency */ = {
			isa = PBXTargetDependency;
			target = 07176E711BE074CD00A58B81 /* StreetViewGyroScope */;
			targetProxy = 07176E921BE074CD00A58B81 /* PBXContainerItemProxy */;
		};
/* End PBXTargetDependency section */

/* Begin PBXVariantGroup section */
		07176E791BE074CD00A58B81 /* Main.storyboard */ = {
			isa = PBXVariantGroup;
			children = (
				07176E7A1BE074CD00A58B81 /* Base */,
			);
			name = Main.storyboard;
			sourceTree = "<group>";
		};
		07176E7E1BE074CD00A58B81 /* LaunchScreen.storyboard */ = {
			isa = PBXVariantGroup;
			children = (
				07176E7F1BE074CD00A58B81 /* Base */,
			);
			name = LaunchScreen.storyboard;
			sourceTree = "<group>";
		};
/* End PBXVariantGroup section */

/* Begin XCBuildConfiguration section */
		07176E981BE074CD00A58B81 /* Debug */ = {
			isa = XCBuildConfiguration;
			buildSettings = {
				ALWAYS_SEARCH_USER_PATHS = NO;
				CLANG_CXX_LANGUAGE_STANDARD = "gnu++0x";
				CLANG_CXX_LIBRARY = "libc++";
				CLANG_ENABLE_MODULES = YES;
				CLANG_ENABLE_OBJC_ARC = YES;
				CLANG_WARN_BOOL_CONVERSION = YES;
				CLANG_WARN_CONSTANT_CONVERSION = YES;
				CLANG_WARN_DIRECT_OBJC_ISA_USAGE = YES_ERROR;
				CLANG_WARN_EMPTY_BODY = YES;
				CLANG_WARN_ENUM_CONVERSION = YES;
				CLANG_WARN_INT_CONVERSION = YES;
				CLANG_WARN_OBJC_ROOT_CLASS = YES_ERROR;
				CLANG_WARN_UNREACHABLE_CODE = YES;
				CLANG_WARN__DUPLICATE_METHOD_MATCH = YES;
				"CODE_SIGN_IDENTITY[sdk=iphoneos*]" = "iPhone Developer";
				COPY_PHASE_STRIP = NO;
				DEBUG_INFORMATION_FORMAT = dwarf;
				ENABLE_STRICT_OBJC_MSGSEND = YES;
				ENABLE_TESTABILITY = YES;
				GCC_C_LANGUAGE_STANDARD = gnu99;
				GCC_DYNAMIC_NO_PIC = NO;
				GCC_NO_COMMON_BLOCKS = YES;
				GCC_OPTIMIZATION_LEVEL = 0;
				GCC_PREPROCESSOR_DEFINITIONS = (
					"DEBUG=1",
					"$(inherited)",
				);
				GCC_WARN_64_TO_32_BIT_CONVERSION = YES;
				GCC_WARN_ABOUT_RETURN_TYPE = YES_ERROR;
				GCC_WARN_UNDECLARED_SELECTOR = YES;
				GCC_WARN_UNINITIALIZED_AUTOS = YES_AGGRESSIVE;
				GCC_WARN_UNUSED_FUNCTION = YES;
				GCC_WARN_UNUSED_VARIABLE = YES;
				IPHONEOS_DEPLOYMENT_TARGET = 9.0;
				MTL_ENABLE_DEBUG_INFO = YES;
				ONLY_ACTIVE_ARCH = YES;
				SDKROOT = iphoneos;
				SWIFT_OPTIMIZATION_LEVEL = "-Onone";
			};
			name = Debug;
		};
		07176E991BE074CD00A58B81 /* Release */ = {
			isa = XCBuildConfiguration;
			buildSettings = {
				ALWAYS_SEARCH_USER_PATHS = NO;
				CLANG_CXX_LANGUAGE_STANDARD = "gnu++0x";
				CLANG_CXX_LIBRARY = "libc++";
				CLANG_ENABLE_MODULES = YES;
				CLANG_ENABLE_OBJC_ARC = YES;
				CLANG_WARN_BOOL_CONVERSION = YES;
				CLANG_WARN_CONSTANT_CONVERSION = YES;
				CLANG_WARN_DIRECT_OBJC_ISA_USAGE = YES_ERROR;
				CLANG_WARN_EMPTY_BODY = YES;
				CLANG_WARN_ENUM_CONVERSION = YES;
				CLANG_WARN_INT_CONVERSION = YES;
				CLANG_WARN_OBJC_ROOT_CLASS = YES_ERROR;
				CLANG_WARN_UNREACHABLE_CODE = YES;
				CLANG_WARN__DUPLICATE_METHOD_MATCH = YES;
				"CODE_SIGN_IDENTITY[sdk=iphoneos*]" = "iPhone Developer";
				COPY_PHASE_STRIP = NO;
				DEBUG_INFORMATION_FORMAT = "dwarf-with-dsym";
				ENABLE_NS_ASSERTIONS = NO;
				ENABLE_STRICT_OBJC_MSGSEND = YES;
				GCC_C_LANGUAGE_STANDARD = gnu99;
				GCC_NO_COMMON_BLOCKS = YES;
				GCC_WARN_64_TO_32_BIT_CONVERSION = YES;
				GCC_WARN_ABOUT_RETURN_TYPE = YES_ERROR;
				GCC_WARN_UNDECLARED_SELECTOR = YES;
				GCC_WARN_UNINITIALIZED_AUTOS = YES_AGGRESSIVE;
				GCC_WARN_UNUSED_FUNCTION = YES;
				GCC_WARN_UNUSED_VARIABLE = YES;
				IPHONEOS_DEPLOYMENT_TARGET = 9.0;
				MTL_ENABLE_DEBUG_INFO = NO;
				SDKROOT = iphoneos;
				VALIDATE_PRODUCT = YES;
			};
			name = Release;
		};
		07176E9B1BE074CD00A58B81 /* Debug */ = {
			isa = XCBuildConfiguration;
			baseConfigurationReference = 3943C31BE7A05DAB4B21D10D /* Pods-StreetViewGyroScope.debug.xcconfig */;
			buildSettings = {
				ASSETCATALOG_COMPILER_APPICON_NAME = AppIcon;
				INFOPLIST_FILE = StreetViewGyroScope/Info.plist;
				LD_RUNPATH_SEARCH_PATHS = "$(inherited) @executable_path/Frameworks";
				PRODUCT_BUNDLE_IDENTIFIER = Flow.StreetViewGyroScope;
				PRODUCT_NAME = "$(TARGET_NAME)";
			};
			name = Debug;
		};
		07176E9C1BE074CD00A58B81 /* Release */ = {
			isa = XCBuildConfiguration;
			baseConfigurationReference = C9EDA0621A4C5B1DE893A779 /* Pods-StreetViewGyroScope.release.xcconfig */;
			buildSettings = {
				ASSETCATALOG_COMPILER_APPICON_NAME = AppIcon;
				INFOPLIST_FILE = StreetViewGyroScope/Info.plist;
				LD_RUNPATH_SEARCH_PATHS = "$(inherited) @executable_path/Frameworks";
				PRODUCT_BUNDLE_IDENTIFIER = Flow.StreetViewGyroScope;
				PRODUCT_NAME = "$(TARGET_NAME)";
			};
			name = Release;
		};
		07176E9E1BE074CD00A58B81 /* Debug */ = {
			isa = XCBuildConfiguration;
			buildSettings = {
				BUNDLE_LOADER = "$(TEST_HOST)";
				INFOPLIST_FILE = StreetViewGyroScopeTests/Info.plist;
				LD_RUNPATH_SEARCH_PATHS = "$(inherited) @executable_path/Frameworks @loader_path/Frameworks";
				PRODUCT_BUNDLE_IDENTIFIER = Flow.StreetViewGyroScopeTests;
				PRODUCT_NAME = "$(TARGET_NAME)";
				TEST_HOST = "$(BUILT_PRODUCTS_DIR)/StreetViewGyroScope.app/StreetViewGyroScope";
			};
			name = Debug;
		};
		07176E9F1BE074CD00A58B81 /* Release */ = {
			isa = XCBuildConfiguration;
			buildSettings = {
				BUNDLE_LOADER = "$(TEST_HOST)";
				INFOPLIST_FILE = StreetViewGyroScopeTests/Info.plist;
				LD_RUNPATH_SEARCH_PATHS = "$(inherited) @executable_path/Frameworks @loader_path/Frameworks";
				PRODUCT_BUNDLE_IDENTIFIER = Flow.StreetViewGyroScopeTests;
				PRODUCT_NAME = "$(TARGET_NAME)";
				TEST_HOST = "$(BUILT_PRODUCTS_DIR)/StreetViewGyroScope.app/StreetViewGyroScope";
			};
			name = Release;
		};
		07176EA11BE074CD00A58B81 /* Debug */ = {
			isa = XCBuildConfiguration;
			buildSettings = {
				INFOPLIST_FILE = StreetViewGyroScopeUITests/Info.plist;
				LD_RUNPATH_SEARCH_PATHS = "$(inherited) @executable_path/Frameworks @loader_path/Frameworks";
				PRODUCT_BUNDLE_IDENTIFIER = Flow.StreetViewGyroScopeUITests;
				PRODUCT_NAME = "$(TARGET_NAME)";
				TEST_TARGET_NAME = StreetViewGyroScope;
				USES_XCTRUNNER = YES;
			};
			name = Debug;
		};
		07176EA21BE074CD00A58B81 /* Release */ = {
			isa = XCBuildConfiguration;
			buildSettings = {
				INFOPLIST_FILE = StreetViewGyroScopeUITests/Info.plist;
				LD_RUNPATH_SEARCH_PATHS = "$(inherited) @executable_path/Frameworks @loader_path/Frameworks";
				PRODUCT_BUNDLE_IDENTIFIER = Flow.StreetViewGyroScopeUITests;
				PRODUCT_NAME = "$(TARGET_NAME)";
				TEST_TARGET_NAME = StreetViewGyroScope;
				USES_XCTRUNNER = YES;
			};
			name = Release;
		};
/* End XCBuildConfiguration section */

/* Begin XCConfigurationList section */
		07176E6D1BE074CD00A58B81 /* Build configuration list for PBXProject "StreetViewGyroScope" */ = {
			isa = XCConfigurationList;
			buildConfigurations = (
				07176E981BE074CD00A58B81 /* Debug */,
				07176E991BE074CD00A58B81 /* Release */,
			);
			defaultConfigurationIsVisible = 0;
			defaultConfigurationName = Release;
		};
		07176E9A1BE074CD00A58B81 /* Build configuration list for PBXNativeTarget "StreetViewGyroScope" */ = {
			isa = XCConfigurationList;
			buildConfigurations = (
				07176E9B1BE074CD00A58B81 /* Debug */,
				07176E9C1BE074CD00A58B81 /* Release */,
			);
			defaultConfigurationIsVisible = 0;
			defaultConfigurationName = Release;
		};
		07176E9D1BE074CD00A58B81 /* Build configuration list for PBXNativeTarget "StreetViewGyroScopeTests" */ = {
			isa = XCConfigurationList;
			buildConfigurations = (
				07176E9E1BE074CD00A58B81 /* Debug */,
				07176E9F1BE074CD00A58B81 /* Release */,
			);
			defaultConfigurationIsVisible = 0;
			defaultConfigurationName = Release;
		};
		07176EA01BE074CD00A58B81 /* Build configuration list for PBXNativeTarget "StreetViewGyroScopeUITests" */ = {
			isa = XCConfigurationList;
			buildConfigurations = (
				07176EA11BE074CD00A58B81 /* Debug */,
				07176EA21BE074CD00A58B81 /* Release */,
			);
			defaultConfigurationIsVisible = 0;
			defaultConfigurationName = Release;
		};
/* End XCConfigurationList section */
	};
	rootObject = 07176E6A1BE074CD00A58B81 /* Project object */;
}
